// !$*UTF8*$!
{
	archiveVersion = 1;
	classes = {
	};
	objectVersion = 50;
	objects = {

/* Begin PBXBuildFile section */
		8235227923265DD1004B5495 /* ViewImagesViewController.swift in Sources */ = {isa = PBXBuildFile; fileRef = 8235227823265DD1004B5495 /* ViewImagesViewController.swift */; };
		82D21DCD232243CE00DD3928 /* AppDelegate.swift in Sources */ = {isa = PBXBuildFile; fileRef = 82D21DCC232243CE00DD3928 /* AppDelegate.swift */; };
		82D21DD2232243CE00DD3928 /* Main.storyboard in Resources */ = {isa = PBXBuildFile; fileRef = 82D21DD0232243CE00DD3928 /* Main.storyboard */; };
		82D21DD4232243CF00DD3928 /* Assets.xcassets in Resources */ = {isa = PBXBuildFile; fileRef = 82D21DD3232243CF00DD3928 /* Assets.xcassets */; };
		82D21DD7232243CF00DD3928 /* LaunchScreen.storyboard in Resources */ = {isa = PBXBuildFile; fileRef = 82D21DD5232243CF00DD3928 /* LaunchScreen.storyboard */; };
		82D21DE2232243CF00DD3928 /* Meme_MeTests.swift in Sources */ = {isa = PBXBuildFile; fileRef = 82D21DE1232243CF00DD3928 /* Meme_MeTests.swift */; };
		82D21DED232243CF00DD3928 /* Meme_MeUITests.swift in Sources */ = {isa = PBXBuildFile; fileRef = 82D21DEC232243CF00DD3928 /* Meme_MeUITests.swift */; };
/* End PBXBuildFile section */

/* Begin PBXContainerItemProxy section */
		82D21DDE232243CF00DD3928 /* PBXContainerItemProxy */ = {
			isa = PBXContainerItemProxy;
			containerPortal = 82D21DC1232243CE00DD3928 /* Project object */;
			proxyType = 1;
			remoteGlobalIDString = 82D21DC8232243CE00DD3928;
			remoteInfo = "Meme Me";
		};
		82D21DE9232243CF00DD3928 /* PBXContainerItemProxy */ = {
			isa = PBXContainerItemProxy;
			containerPortal = 82D21DC1232243CE00DD3928 /* Project object */;
			proxyType = 1;
			remoteGlobalIDString = 82D21DC8232243CE00DD3928;
			remoteInfo = "Meme Me";
		};
/* End PBXContainerItemProxy section */

/* Begin PBXFileReference section */
		8235227823265DD1004B5495 /* ViewImagesViewController.swift */ = {isa = PBXFileReference; lastKnownFileType = sourcecode.swift; path = ViewImagesViewController.swift; sourceTree = "<group>"; };
		82D21DC9232243CE00DD3928 /* Meme Me.app */ = {isa = PBXFileReference; explicitFileType = wrapper.application; includeInIndex = 0; path = "Meme Me.app"; sourceTree = BUILT_PRODUCTS_DIR; };
		82D21DCC232243CE00DD3928 /* AppDelegate.swift */ = {isa = PBXFileReference; lastKnownFileType = sourcecode.swift; path = AppDelegate.swift; sourceTree = "<group>"; };
		82D21DD1232243CE00DD3928 /* Base */ = {isa = PBXFileReference; lastKnownFileType = file.storyboard; name = Base; path = Base.lproj/Main.storyboard; sourceTree = "<group>"; };
		82D21DD3232243CF00DD3928 /* Assets.xcassets */ = {isa = PBXFileReference; lastKnownFileType = folder.assetcatalog; path = Assets.xcassets; sourceTree = "<group>"; };
		82D21DD6232243CF00DD3928 /* Base */ = {isa = PBXFileReference; lastKnownFileType = file.storyboard; name = Base; path = Base.lproj/LaunchScreen.storyboard; sourceTree = "<group>"; };
		82D21DD8232243CF00DD3928 /* Info.plist */ = {isa = PBXFileReference; lastKnownFileType = text.plist.xml; path = Info.plist; sourceTree = "<group>"; };
		82D21DDD232243CF00DD3928 /* Meme MeTests.xctest */ = {isa = PBXFileReference; explicitFileType = wrapper.cfbundle; includeInIndex = 0; path = "Meme MeTests.xctest"; sourceTree = BUILT_PRODUCTS_DIR; };
		82D21DE1232243CF00DD3928 /* Meme_MeTests.swift */ = {isa = PBXFileReference; lastKnownFileType = sourcecode.swift; path = Meme_MeTests.swift; sourceTree = "<group>"; };
		82D21DE3232243CF00DD3928 /* Info.plist */ = {isa = PBXFileReference; lastKnownFileType = text.plist.xml; path = Info.plist; sourceTree = "<group>"; };
		82D21DE8232243CF00DD3928 /* Meme MeUITests.xctest */ = {isa = PBXFileReference; explicitFileType = wrapper.cfbundle; includeInIndex = 0; path = "Meme MeUITests.xctest"; sourceTree = BUILT_PRODUCTS_DIR; };
		82D21DEC232243CF00DD3928 /* Meme_MeUITests.swift */ = {isa = PBXFileReference; lastKnownFileType = sourcecode.swift; path = Meme_MeUITests.swift; sourceTree = "<group>"; };
		82D21DEE232243CF00DD3928 /* Info.plist */ = {isa = PBXFileReference; lastKnownFileType = text.plist.xml; path = Info.plist; sourceTree = "<group>"; };
/* End PBXFileReference section */

/* Begin PBXFrameworksBuildPhase section */
		82D21DC6232243CE00DD3928 /* Frameworks */ = {
			isa = PBXFrameworksBuildPhase;
			buildActionMask = 2147483647;
			files = (
			);
			runOnlyForDeploymentPostprocessing = 0;
		};
		82D21DDA232243CF00DD3928 /* Frameworks */ = {
			isa = PBXFrameworksBuildPhase;
			buildActionMask = 2147483647;
			files = (
			);
			runOnlyForDeploymentPostprocessing = 0;
		};
		82D21DE5232243CF00DD3928 /* Frameworks */ = {
			isa = PBXFrameworksBuildPhase;
			buildActionMask = 2147483647;
			files = (
			);
			runOnlyForDeploymentPostprocessing = 0;
		};
/* End PBXFrameworksBuildPhase section */

/* Begin PBXGroup section */
		82D21DC0232243CE00DD3928 = {
			isa = PBXGroup;
			children = (
				82D21DCB232243CE00DD3928 /* Meme Me */,
				82D21DE0232243CF00DD3928 /* Meme MeTests */,
				82D21DEB232243CF00DD3928 /* Meme MeUITests */,
				82D21DCA232243CE00DD3928 /* Products */,
			);
			sourceTree = "<group>";
		};
		82D21DCA232243CE00DD3928 /* Products */ = {
			isa = PBXGroup;
			children = (
				82D21DC9232243CE00DD3928 /* Meme Me.app */,
				82D21DDD232243CF00DD3928 /* Meme MeTests.xctest */,
				82D21DE8232243CF00DD3928 /* Meme MeUITests.xctest */,
			);
			name = Products;
			sourceTree = "<group>";
		};
		82D21DCB232243CE00DD3928 /* Meme Me */ = {
			isa = PBXGroup;
			children = (
				82D21DCC232243CE00DD3928 /* AppDelegate.swift */,
				8235227823265DD1004B5495 /* ViewImagesViewController.swift */,
				82D21DD0232243CE00DD3928 /* Main.storyboard */,
				82D21DD3232243CF00DD3928 /* Assets.xcassets */,
				82D21DD5232243CF00DD3928 /* LaunchScreen.storyboard */,
				82D21DD8232243CF00DD3928 /* Info.plist */,
			);
			path = "Meme Me";
			sourceTree = "<group>";
		};
		82D21DE0232243CF00DD3928 /* Meme MeTests */ = {
			isa = PBXGroup;
			children = (
				82D21DE1232243CF00DD3928 /* Meme_MeTests.swift */,
				82D21DE3232243CF00DD3928 /* Info.plist */,
			);
			path = "Meme MeTests";
			sourceTree = "<group>";
		};
		82D21DEB232243CF00DD3928 /* Meme MeUITests */ = {
			isa = PBXGroup;
			children = (
				82D21DEC232243CF00DD3928 /* Meme_MeUITests.swift */,
				82D21DEE232243CF00DD3928 /* Info.plist */,
			);
			path = "Meme MeUITests";
			sourceTree = "<group>";
		};
/* End PBXGroup section */

/* Begin PBXNativeTarget section */
		82D21DC8232243CE00DD3928 /* Meme Me */ = {
			isa = PBXNativeTarget;
			buildConfigurationList = 82D21DF1232243CF00DD3928 /* Build configuration list for PBXNativeTarget "Meme Me" */;
			buildPhases = (
				82D21DC5232243CE00DD3928 /* Sources */,
				82D21DC6232243CE00DD3928 /* Frameworks */,
				82D21DC7232243CE00DD3928 /* Resources */,
			);
			buildRules = (
			);
			dependencies = (
			);
			name = "Meme Me";
			productName = "Meme Me";
			productReference = 82D21DC9232243CE00DD3928 /* Meme Me.app */;
			productType = "com.apple.product-type.application";
		};
		82D21DDC232243CF00DD3928 /* Meme MeTests */ = {
			isa = PBXNativeTarget;
			buildConfigurationList = 82D21DF4232243CF00DD3928 /* Build configuration list for PBXNativeTarget "Meme MeTests" */;
			buildPhases = (
				82D21DD9232243CF00DD3928 /* Sources */,
				82D21DDA232243CF00DD3928 /* Frameworks */,
				82D21DDB232243CF00DD3928 /* Resources */,
			);
			buildRules = (
			);
			dependencies = (
				82D21DDF232243CF00DD3928 /* PBXTargetDependency */,
			);
			name = "Meme MeTests";
			productName = "Meme MeTests";
			productReference = 82D21DDD232243CF00DD3928 /* Meme MeTests.xctest */;
			productType = "com.apple.product-type.bundle.unit-test";
		};
		82D21DE7232243CF00DD3928 /* Meme MeUITests */ = {
			isa = PBXNativeTarget;
			buildConfigurationList = 82D21DF7232243CF00DD3928 /* Build configuration list for PBXNativeTarget "Meme MeUITests" */;
			buildPhases = (
				82D21DE4232243CF00DD3928 /* Sources */,
				82D21DE5232243CF00DD3928 /* Frameworks */,
				82D21DE6232243CF00DD3928 /* Resources */,
			);
			buildRules = (
			);
			dependencies = (
				82D21DEA232243CF00DD3928 /* PBXTargetDependency */,
			);
			name = "Meme MeUITests";
			productName = "Meme MeUITests";
			productReference = 82D21DE8232243CF00DD3928 /* Meme MeUITests.xctest */;
			productType = "com.apple.product-type.bundle.ui-testing";
		};
/* End PBXNativeTarget section */

/* Begin PBXProject section */
		82D21DC1232243CE00DD3928 /* Project object */ = {
			isa = PBXProject;
			attributes = {
				LastSwiftUpdateCheck = 1030;
				LastUpgradeCheck = 1030;
				ORGANIZATIONNAME = "Mohsen Almakrami";
				TargetAttributes = {
					82D21DC8232243CE00DD3928 = {
						CreatedOnToolsVersion = 10.3;
					};
					82D21DDC232243CF00DD3928 = {
						CreatedOnToolsVersion = 10.3;
						TestTargetID = 82D21DC8232243CE00DD3928;
					};
					82D21DE7232243CF00DD3928 = {
						CreatedOnToolsVersion = 10.3;
						TestTargetID = 82D21DC8232243CE00DD3928;
					};
				};
			};
			buildConfigurationList = 82D21DC4232243CE00DD3928 /* Build configuration list for PBXProject "Meme Me" */;
			compatibilityVersion = "Xcode 9.3";
			developmentRegion = en;
			hasScannedForEncodings = 0;
			knownRegions = (
				en,
				Base,
			);
			mainGroup = 82D21DC0232243CE00DD3928;
			productRefGroup = 82D21DCA232243CE00DD3928 /* Products */;
			projectDirPath = "";
			projectRoot = "";
			targets = (
				82D21DC8232243CE00DD3928 /* Meme Me */,
				82D21DDC232243CF00DD3928 /* Meme MeTests */,
				82D21DE7232243CF00DD3928 /* Meme MeUITests */,
			);
		};
/* End PBXProject section */

/* Begin PBXResourcesBuildPhase section */
		82D21DC7232243CE00DD3928 /* Resources */ = {
			isa = PBXResourcesBuildPhase;
			buildActionMask = 2147483647;
			files = (
				82D21DD7232243CF00DD3928 /* LaunchScreen.storyboard in Resources */,
				82D21DD4232243CF00DD3928 /* Assets.xcassets in Resources */,
				82D21DD2232243CE00DD3928 /* Main.storyboard in Resources */,
			);
			runOnlyForDeploymentPostprocessing = 0;
		};
		82D21DDB232243CF00DD3928 /* Resources */ = {
			isa = PBXResourcesBuildPhase;
			buildActionMask = 2147483647;
			files = (
			);
			runOnlyForDeploymentPostprocessing = 0;
		};
		82D21DE6232243CF00DD3928 /* Resources */ = {
			isa = PBXResourcesBuildPhase;
			buildActionMask = 2147483647;
			files = (
			);
			runOnlyForDeploymentPostprocessing = 0;
		};
/* End PBXResourcesBuildPhase section */

/* Begin PBXSourcesBuildPhase section */
		82D21DC5232243CE00DD3928 /* Sources */ = {
			isa = PBXSourcesBuildPhase;
			buildActionMask = 2147483647;
			files = (
				8235227923265DD1004B5495 /* ViewImagesViewController.swift in Sources */,
				82D21DCD232243CE00DD3928 /* AppDelegate.swift in Sources */,
			);
			runOnlyForDeploymentPostprocessing = 0;
		};
		82D21DD9232243CF00DD3928 /* Sources */ = {
			isa = PBXSourcesBuildPhase;
			buildActionMask = 2147483647;
			files = (
				82D21DE2232243CF00DD3928 /* Meme_MeTests.swift in Sources */,
			);
			runOnlyForDeploymentPostprocessing = 0;
		};
		82D21DE4232243CF00DD3928 /* Sources */ = {
			isa = PBXSourcesBuildPhase;
			buildActionMask = 2147483647;
			files = (
				82D21DED232243CF00DD3928 /* Meme_MeUITests.swift in Sources */,
			);
			runOnlyForDeploymentPostprocessing = 0;
		};
/* End PBXSourcesBuildPhase section */

/* Begin PBXTargetDependency section */
		82D21DDF232243CF00DD3928 /* PBXTargetDependency */ = {
			isa = PBXTargetDependency;
			target = 82D21DC8232243CE00DD3928 /* Meme Me */;
			targetProxy = 82D21DDE232243CF00DD3928 /* PBXContainerItemProxy */;
		};
		82D21DEA232243CF00DD3928 /* PBXTargetDependency */ = {
			isa = PBXTargetDependency;
			target = 82D21DC8232243CE00DD3928 /* Meme Me */;
			targetProxy = 82D21DE9232243CF00DD3928 /* PBXContainerItemProxy */;
		};
/* End PBXTargetDependency section */

/* Begin PBXVariantGroup section */
		82D21DD0232243CE00DD3928 /* Main.storyboard */ = {
			isa = PBXVariantGroup;
			children = (
				82D21DD1232243CE00DD3928 /* Base */,
			);
			name = Main.storyboard;
			sourceTree = "<group>";
		};
		82D21DD5232243CF00DD3928 /* LaunchScreen.storyboard */ = {
			isa = PBXVariantGroup;
			children = (
				82D21DD6232243CF00DD3928 /* Base */,
			);
			name = LaunchScreen.storyboard;
			sourceTree = "<group>";
		};
/* End PBXVariantGroup section */

/* Begin XCBuildConfiguration section */
		82D21DEF232243CF00DD3928 /* Debug */ = {
			isa = XCBuildConfiguration;
			buildSettings = {
				ALWAYS_SEARCH_USER_PATHS = NO;
				CLANG_ANALYZER_NONNULL = YES;
				CLANG_ANALYZER_NUMBER_OBJECT_CONVERSION = YES_AGGRESSIVE;
				CLANG_CXX_LANGUAGE_STANDARD = "gnu++14";
				CLANG_CXX_LIBRARY = "libc++";
				CLANG_ENABLE_MODULES = YES;
				CLANG_ENABLE_OBJC_ARC = YES;
				CLANG_ENABLE_OBJC_WEAK = YES;
				CLANG_WARN_BLOCK_CAPTURE_AUTORELEASING = YES;
				CLANG_WARN_BOOL_CONVERSION = YES;
				CLANG_WARN_COMMA = YES;
				CLANG_WARN_CONSTANT_CONVERSION = YES;
				CLANG_WARN_DEPRECATED_OBJC_IMPLEMENTATIONS = YES;
				CLANG_WARN_DIRECT_OBJC_ISA_USAGE = YES_ERROR;
				CLANG_WARN_DOCUMENTATION_COMMENTS = YES;
				CLANG_WARN_EMPTY_BODY = YES;
				CLANG_WARN_ENUM_CONVERSION = YES;
				CLANG_WARN_INFINITE_RECURSION = YES;
				CLANG_WARN_INT_CONVERSION = YES;
				CLANG_WARN_NON_LITERAL_NULL_CONVERSION = YES;
				CLANG_WARN_OBJC_IMPLICIT_RETAIN_SELF = YES;
				CLANG_WARN_OBJC_LITERAL_CONVERSION = YES;
				CLANG_WARN_OBJC_ROOT_CLASS = YES_ERROR;
				CLANG_WARN_RANGE_LOOP_ANALYSIS = YES;
				CLANG_WARN_STRICT_PROTOTYPES = YES;
				CLANG_WARN_SUSPICIOUS_MOVE = YES;
				CLANG_WARN_UNGUARDED_AVAILABILITY = YES_AGGRESSIVE;
				CLANG_WARN_UNREACHABLE_CODE = YES;
				CLANG_WARN__DUPLICATE_METHOD_MATCH = YES;
				CODE_SIGN_IDENTITY = "iPhone Developer";
				COPY_PHASE_STRIP = NO;
				DEBUG_INFORMATION_FORMAT = dwarf;
				ENABLE_STRICT_OBJC_MSGSEND = YES;
				ENABLE_TESTABILITY = YES;
				GCC_C_LANGUAGE_STANDARD = gnu11;
				GCC_DYNAMIC_NO_PIC = NO;
				GCC_NO_COMMON_BLOCKS = YES;
				GCC_OPTIMIZATION_LEVEL = 0;
				GCC_PREPROCESSOR_DEFINITIONS = (
					"DEBUG=1",
					"$(inherited)",
				);
				GCC_WARN_64_TO_32_BIT_CONVERSION = YES;
				GCC_WARN_ABOUT_RETURN_TYPE = YES_ERROR;
				GCC_WARN_UNDECLARED_SELECTOR = YES;
				GCC_WARN_UNINITIALIZED_AUTOS = YES_AGGRESSIVE;
				GCC_WARN_UNUSED_FUNCTION = YES;
				GCC_WARN_UNUSED_VARIABLE = YES;
				IPHONEOS_DEPLOYMENT_TARGET = 12.4;
				MTL_ENABLE_DEBUG_INFO = INCLUDE_SOURCE;
				MTL_FAST_MATH = YES;
				ONLY_ACTIVE_ARCH = YES;
				SDKROOT = iphoneos;
				SWIFT_ACTIVE_COMPILATION_CONDITIONS = DEBUG;
				SWIFT_OPTIMIZATION_LEVEL = "-Onone";
			};
			name = Debug;
		};
		82D21DF0232243CF00DD3928 /* Release */ = {
			isa = XCBuildConfiguration;
			buildSettings = {
				ALWAYS_SEARCH_USER_PATHS = NO;
				CLANG_ANALYZER_NONNULL = YES;
				CLANG_ANALYZER_NUMBER_OBJECT_CONVERSION = YES_AGGRESSIVE;
				CLANG_CXX_LANGUAGE_STANDARD = "gnu++14";
				CLANG_CXX_LIBRARY = "libc++";
				CLANG_ENABLE_MODULES = YES;
				CLANG_ENABLE_OBJC_ARC = YES;
				CLANG_ENABLE_OBJC_WEAK = YES;
				CLANG_WARN_BLOCK_CAPTURE_AUTORELEASING = YES;
				CLANG_WARN_BOOL_CONVERSION = YES;
				CLANG_WARN_COMMA = YES;
				CLANG_WARN_CONSTANT_CONVERSION = YES;
				CLANG_WARN_DEPRECATED_OBJC_IMPLEMENTATIONS = YES;
				CLANG_WARN_DIRECT_OBJC_ISA_USAGE = YES_ERROR;
				CLANG_WARN_DOCUMENTATION_COMMENTS = YES;
				CLANG_WARN_EMPTY_BODY = YES;
				CLANG_WARN_ENUM_CONVERSION = YES;
				CLANG_WARN_INFINITE_RECURSION = YES;
				CLANG_WARN_INT_CONVERSION = YES;
				CLANG_WARN_NON_LITERAL_NULL_CONVERSION = YES;
				CLANG_WARN_OBJC_IMPLICIT_RETAIN_SELF = YES;
				CLANG_WARN_OBJC_LITERAL_CONVERSION = YES;
				CLANG_WARN_OBJC_ROOT_CLASS = YES_ERROR;
				CLANG_WARN_RANGE_LOOP_ANALYSIS = YES;
				CLANG_WARN_STRICT_PROTOTYPES = YES;
				CLANG_WARN_SUSPICIOUS_MOVE = YES;
				CLANG_WARN_UNGUARDED_AVAILABILITY = YES_AGGRESSIVE;
				CLANG_WARN_UNREACHABLE_CODE = YES;
				CLANG_WARN__DUPLICATE_METHOD_MATCH = YES;
				CODE_SIGN_IDENTITY = "iPhone Developer";
				COPY_PHASE_STRIP = NO;
				DEBUG_INFORMATION_FORMAT = "dwarf-with-dsym";
				ENABLE_NS_ASSERTIONS = NO;
				ENABLE_STRICT_OBJC_MSGSEND = YES;
				GCC_C_LANGUAGE_STANDARD = gnu11;
				GCC_NO_COMMON_BLOCKS = YES;
				GCC_WARN_64_TO_32_BIT_CONVERSION = YES;
				GCC_WARN_ABOUT_RETURN_TYPE = YES_ERROR;
				GCC_WARN_UNDECLARED_SELECTOR = YES;
				GCC_WARN_UNINITIALIZED_AUTOS = YES_AGGRESSIVE;
				GCC_WARN_UNUSED_FUNCTION = YES;
				GCC_WARN_UNUSED_VARIABLE = YES;
				IPHONEOS_DEPLOYMENT_TARGET = 12.4;
				MTL_ENABLE_DEBUG_INFO = NO;
				MTL_FAST_MATH = YES;
				SDKROOT = iphoneos;
				SWIFT_COMPILATION_MODE = wholemodule;
				SWIFT_OPTIMIZATION_LEVEL = "-O";
				VALIDATE_PRODUCT = YES;
			};
			name = Release;
		};
		82D21DF2232243CF00DD3928 /* Debug */ = {
			isa = XCBuildConfiguration;
			buildSettings = {
				ASSETCATALOG_COMPILER_APPICON_NAME = AppIcon;
				CODE_SIGN_STYLE = Automatic;
				DEVELOPMENT_TEAM = VK92ZRFDP7;
				INFOPLIST_FILE = "Meme Me/Info.plist";
				LD_RUNPATH_SEARCH_PATHS = (
					"$(inherited)",
					"@executable_path/Frameworks",
				);
				PRODUCT_BUNDLE_IDENTIFIER = "com.almakrami.Meme-Me";
				PRODUCT_NAME = "$(TARGET_NAME)";
				SWIFT_VERSION = 5.0;
				TARGETED_DEVICE_FAMILY = "1,2";
			};
			name = Debug;
		};
		82D21DF3232243CF00DD3928 /* Release */ = {
			isa = XCBuildConfiguration;
			buildSettings = {
				ASSETCATALOG_COMPILER_APPICON_NAME = AppIcon;
				CODE_SIGN_STYLE = Automatic;
				DEVELOPMENT_TEAM = VK92ZRFDP7;
				INFOPLIST_FILE = "Meme Me/Info.plist";
				LD_RUNPATH_SEARCH_PATHS = (
					"$(inherited)",
					"@executable_path/Frameworks",
				);
				PRODUCT_BUNDLE_IDENTIFIER = "com.almakrami.Meme-Me";
				PRODUCT_NAME = "$(TARGET_NAME)";
				SWIFT_VERSION = 5.0;
				TARGETED_DEVICE_FAMILY = "1,2";
			};
			name = Release;
		};
		82D21DF5232243CF00DD3928 /* Debug */ = {
			isa = XCBuildConfiguration;
			buildSettings = {
				ALWAYS_EMBED_SWIFT_STANDARD_LIBRARIES = YES;
				BUNDLE_LOADER = "$(TEST_HOST)";
				CODE_SIGN_STYLE = Automatic;
				DEVELOPMENT_TEAM = VK92ZRFDP7;
				INFOPLIST_FILE = "Meme MeTests/Info.plist";
				LD_RUNPATH_SEARCH_PATHS = (
					"$(inherited)",
					"@executable_path/Frameworks",
					"@loader_path/Frameworks",
				);
				PRODUCT_BUNDLE_IDENTIFIER = "com.almakrami.Meme-MeTests";
				PRODUCT_NAME = "$(TARGET_NAME)";
				SWIFT_VERSION = 5.0;
				TARGETED_DEVICE_FAMILY = "1,2";
				TEST_HOST = "$(BUILT_PRODUCTS_DIR)/Meme Me.app/Meme Me";
			};
			name = Debug;
		};
		82D21DF6232243CF00DD3928 /* Release */ = {
			isa = XCBuildConfiguration;
			buildSettings = {
				ALWAYS_EMBED_SWIFT_STANDARD_LIBRARIES = YES;
				BUNDLE_LOADER = "$(TEST_HOST)";
				CODE_SIGN_STYLE = Automatic;
				DEVELOPMENT_TEAM = VK92ZRFDP7;
				INFOPLIST_FILE = "Meme MeTests/Info.plist";
				LD_RUNPATH_SEARCH_PATHS = (
					"$(inherited)",
					"@executable_path/Frameworks",
					"@loader_path/Frameworks",
				);
				PRODUCT_BUNDLE_IDENTIFIER = "com.almakrami.Meme-MeTests";
				PRODUCT_NAME = "$(TARGET_NAME)";
				SWIFT_VERSION = 5.0;
				TARGETED_DEVICE_FAMILY = "1,2";
				TEST_HOST = "$(BUILT_PRODUCTS_DIR)/Meme Me.app/Meme Me";
			};
			name = Release;
		};
		82D21DF8232243CF00DD3928 /* Debug */ = {
			isa = XCBuildConfiguration;
			buildSettings = {
				ALWAYS_EMBED_SWIFT_STANDARD_LIBRARIES = YES;
				CODE_SIGN_STYLE = Automatic;
				DEVELOPMENT_TEAM = VK92ZRFDP7;
				INFOPLIST_FILE = "Meme MeUITests/Info.plist";
				LD_RUNPATH_SEARCH_PATHS = (
					"$(inherited)",
					"@executable_path/Frameworks",
					"@loader_path/Frameworks",
				);
				PRODUCT_BUNDLE_IDENTIFIER = "com.almakrami.Meme-MeUITests";
				PRODUCT_NAME = "$(TARGET_NAME)";
				SWIFT_VERSION = 5.0;
				TARGETED_DEVICE_FAMILY = "1,2";
				TEST_TARGET_NAME = "Meme Me";
			};
			name = Debug;
		};
		82D21DF9232243CF00DD3928 /* Release */ = {
			isa = XCBuildConfiguration;
			buildSettings = {
				ALWAYS_EMBED_SWIFT_STANDARD_LIBRARIES = YES;
				CODE_SIGN_STYLE = Automatic;
				DEVELOPMENT_TEAM = VK92ZRFDP7;
				INFOPLIST_FILE = "Meme MeUITests/Info.plist";
				LD_RUNPATH_SEARCH_PATHS = (
					"$(inherited)",
					"@executable_path/Frameworks",
					"@loader_path/Frameworks",
				);
				PRODUCT_BUNDLE_IDENTIFIER = "com.almakrami.Meme-MeUITests";
				PRODUCT_NAME = "$(TARGET_NAME)";
				SWIFT_VERSION = 5.0;
				TARGETED_DEVICE_FAMILY = "1,2";
				TEST_TARGET_NAME = "Meme Me";
			};
			name = Release;
		};
/* End XCBuildConfiguration section */

/* Begin XCConfigurationList section */
		82D21DC4232243CE00DD3928 /* Build configuration list for PBXProject "Meme Me" */ = {
			isa = XCConfigurationList;
			buildConfigurations = (
				82D21DEF232243CF00DD3928 /* Debug */,
				82D21DF0232243CF00DD3928 /* Release */,
			);
			defaultConfigurationIsVisible = 0;
			defaultConfigurationName = Release;
		};
		82D21DF1232243CF00DD3928 /* Build configuration list for PBXNativeTarget "Meme Me" */ = {
			isa = XCConfigurationList;
			buildConfigurations = (
				82D21DF2232243CF00DD3928 /* Debug */,
				82D21DF3232243CF00DD3928 /* Release */,
			);
			defaultConfigurationIsVisible = 0;
			defaultConfigurationName = Release;
		};
		82D21DF4232243CF00DD3928 /* Build configuration list for PBXNativeTarget "Meme MeTests" */ = {
			isa = XCConfigurationList;
			buildConfigurations = (
				82D21DF5232243CF00DD3928 /* Debug */,
				82D21DF6232243CF00DD3928 /* Release */,
			);
			defaultConfigurationIsVisible = 0;
			defaultConfigurationName = Release;
		};
		82D21DF7232243CF00DD3928 /* Build configuration list for PBXNativeTarget "Meme MeUITests" */ = {
			isa = XCConfigurationList;
			buildConfigurations = (
				82D21DF8232243CF00DD3928 /* Debug */,
				82D21DF9232243CF00DD3928 /* Release */,
			);
			defaultConfigurationIsVisible = 0;
			defaultConfigurationName = Release;
		};
/* End XCConfigurationList section */
	};
	rootObject = 82D21DC1232243CE00DD3928 /* Project object */;
}
